{
    "version": 3,
    "terraform_version": "0.11.1",
    "serial": 11,
    "lineage": "ee902393-979e-4ec8-9bb3-b06fe18bfe7e",
    "modules": [
        {
            "path": [
                "root"
            ],
            "outputs": {
                "MySql DB PublicIP": {
                    "sensitive": false,
                    "type": "list",
                    "value": [
                        "129.213.101.129"
                    ]
                }
            },
            "resources": {
                "data.oci_core_images.OLImageOCID": {
                    "type": "oci_core_images",
                    "depends_on": [],
                    "primary": {
                        "id": "2018-07-18 08:23:42.183943 +0000 UTC",
                        "attributes": {
                            "compartment_id": "ocid1.compartment.oc1..aaaaaaaavqhgqvgd2t6hwg7do6e6fhdqzffnze2yxcydudzturlv2m4mzqsa",
                            "id": "2018-07-18 08:23:42.183943 +0000 UTC",
                            "images.#": "10",
                            "images.0.base_image_id": "",
                            "images.0.compartment_id": "",
                            "images.0.create_image_allowed": "true",
                            "images.0.display_name": "Oracle-Linux-7.5-Gen2-GPU-2018.06.14-0",
                            "images.0.id": "ocid1.image.oc1.iad.aaaaaaaarouq2l6ioibd3xaovw5pxqqeurvshsexgxejv7omo7szabqeixxq",
                            "images.0.instance_id": "",
                            "images.0.operating_system": "Oracle Linux",
                            "images.0.operating_system_version": "7.5",
                            "images.0.state": "AVAILABLE",
                            "images.0.time_created": "2018-06-18 16:01:38.471 +0000 UTC",
                            "images.1.base_image_id": "",
                            "images.1.compartment_id": "",
                            "images.1.create_image_allowed": "true",
                            "images.1.display_name": "Oracle-Linux-7.5-Gen2-GPU-2018.05.09-1",
                            "images.1.id": "ocid1.image.oc1.iad.aaaaaaaaafiwqi57icjjdkwvlkf7li5lfnk4ad3jw4bvt73uvfdzrgvz7iqq",
                            "images.1.instance_id": "",
                            "images.1.operating_system": "Oracle Linux",
                            "images.1.operating_system_version": "7.5",
                            "images.1.state": "AVAILABLE",
                            "images.1.time_created": "2018-05-15 03:22:42.463 +0000 UTC",
                            "images.2.base_image_id": "",
                            "images.2.compartment_id": "",
                            "images.2.create_image_allowed": "true",
                            "images.2.display_name": "Oracle-Linux-7.5-Gen2-GPU-2018.05.09-0",
                            "images.2.id": "ocid1.image.oc1.iad.aaaaaaaafde2zxmzk6abzji6hndayiqzb3jglubvvxhugfjqvvsywag355va",
                            "images.2.instance_id": "",
                            "images.2.operating_system": "Oracle Linux",
                            "images.2.operating_system_version": "7.5",
                            "images.2.state": "AVAILABLE",
                            "images.2.time_created": "2018-05-10 15:41:47.117 +0000 UTC",
                            "images.3.base_image_id": "",
                            "images.3.compartment_id": "",
                            "images.3.create_image_allowed": "true",
                            "images.3.display_name": "Oracle-Linux-7.5-Gen2-GPU-2018.04.20-1",
                            "images.3.id": "ocid1.image.oc1.iad.aaaaaaaa2cpqmsq4sao7sr6r2idvo5y667i4uqmfmhzw5lup7swwfe4ys7gq",
                            "images.3.instance_id": "",
                            "images.3.operating_system": "Oracle Linux",
                            "images.3.operating_system_version": "7.5",
                            "images.3.state": "AVAILABLE",
                            "images.3.time_created": "2018-05-01 04:12:47.508 +0000 UTC",
                            "images.4.base_image_id": "",
                            "images.4.compartment_id": "",
                            "images.4.create_image_allowed": "true",
                            "images.4.display_name": "Oracle-Linux-7.5-Gen2-GPU-2018.04.20-0",
                            "images.4.id": "ocid1.image.oc1.iad.aaaaaaaarnhbotlfzgqleon2czbdambpwdzyojs7mbv3r3g5gvvjz56vrjmq",
                            "images.4.instance_id": "",
                            "images.4.operating_system": "Oracle Linux",
                            "images.4.operating_system_version": "7.5",
                            "images.4.state": "AVAILABLE",
                            "images.4.time_created": "2018-04-21 00:19:01.469 +0000 UTC",
                            "images.5.base_image_id": "",
                            "images.5.compartment_id": "",
                            "images.5.create_image_allowed": "true",
                            "images.5.display_name": "Oracle-Linux-7.5-2018.06.14-0",
                            "images.5.id": "ocid1.image.oc1.iad.aaaaaaaazq7xlunevyn3cf4wppcx2j53eb26pnnc4ukqtfj4tbjjcklnhpaa",
                            "images.5.instance_id": "",
                            "images.5.operating_system": "Oracle Linux",
                            "images.5.operating_system_version": "7.5",
                            "images.5.state": "AVAILABLE",
                            "images.5.time_created": "2018-06-18 14:38:33.93 +0000 UTC",
                            "images.6.base_image_id": "",
                            "images.6.compartment_id": "",
                            "images.6.create_image_allowed": "true",
                            "images.6.display_name": "Oracle-Linux-7.5-2018.05.09-1",
                            "images.6.id": "ocid1.image.oc1.iad.aaaaaaaa6ybn2lkqp2ejhijhehf5i65spqh3igt53iyvncyjmo7uhm5235ca",
                            "images.6.instance_id": "",
                            "images.6.operating_system": "Oracle Linux",
                            "images.6.operating_system_version": "7.5",
                            "images.6.state": "AVAILABLE",
                            "images.6.time_created": "2018-05-15 03:22:30.943 +0000 UTC",
                            "images.7.base_image_id": "",
                            "images.7.compartment_id": "",
                            "images.7.create_image_allowed": "true",
                            "images.7.display_name": "Oracle-Linux-7.5-2018.05.09-0",
                            "images.7.id": "ocid1.image.oc1.iad.aaaaaaaamnottkjqkckjbxu7dyqqbsv63m62k5lk3yjy34jmqedauhxqx6ha",
                            "images.7.instance_id": "",
                            "images.7.operating_system": "Oracle Linux",
                            "images.7.operating_system_version": "7.5",
                            "images.7.state": "AVAILABLE",
                            "images.7.time_created": "2018-05-10 15:33:50.596 +0000 UTC",
                            "images.8.base_image_id": "",
                            "images.8.compartment_id": "",
                            "images.8.create_image_allowed": "true",
                            "images.8.display_name": "Oracle-Linux-7.5-2018.04.20-1",
                            "images.8.id": "ocid1.image.oc1.iad.aaaaaaaacajkihwn4aj5egr5i3q7t7i2hf4m76j52ob6l5stap2uppdzp3vq",
                            "images.8.instance_id": "",
                            "images.8.operating_system": "Oracle Linux",
                            "images.8.operating_system_version": "7.5",
                            "images.8.state": "AVAILABLE",
                            "images.8.time_created": "2018-05-01 04:12:39.759 +0000 UTC",
                            "images.9.base_image_id": "",
                            "images.9.compartment_id": "",
                            "images.9.create_image_allowed": "true",
                            "images.9.display_name": "Oracle-Linux-7.5-2018.04.20-0",
                            "images.9.id": "ocid1.image.oc1.iad.aaaaaaaaeookczfwutjxzifu2gcdgdx4yk6xls7d5fhtlqbrqzpaxdedny4a",
                            "images.9.instance_id": "",
                            "images.9.operating_system": "Oracle Linux",
                            "images.9.operating_system_version": "7.5",
                            "images.9.state": "AVAILABLE",
                            "images.9.time_created": "2018-04-21 00:18:27.608 +0000 UTC",
                            "operating_system": "Oracle Linux",
                            "operating_system_version": "7.5"
                        },
                        "meta": {},
                        "tainted": false
                    },
                    "deposed": [],
                    "provider": "provider.oci"
                },
                "data.oci_core_vnic.InstanceVnic": {
                    "type": "oci_core_vnic",
                    "depends_on": [
                        "data.oci_core_vnic_attachments.InstanceVnics"
                    ],
                    "primary": {
                        "id": "ocid1.vnic.oc1.iad.abuwcljs4lklh53k22sfx7fdim5y4yw26djpxnu5j2a4o7xoerhgk3uk7ksa",
                        "attributes": {
                            "availability_domain": "dEPg:US-ASHBURN-AD-1",
                            "compartment_id": "ocid1.compartment.oc1..aaaaaaaavqhgqvgd2t6hwg7do6e6fhdqzffnze2yxcydudzturlv2m4mzqsa",
                            "display_name": "Mysql-Instance",
                            "hostname_label": "",
                            "id": "ocid1.vnic.oc1.iad.abuwcljs4lklh53k22sfx7fdim5y4yw26djpxnu5j2a4o7xoerhgk3uk7ksa",
                            "is_primary": "true",
                            "mac_address": "02:00:17:01:E6:F4",
                            "private_ip_address": "10.0.2.2",
                            "public_ip_address": "129.213.101.129",
                            "skip_source_dest_check": "false",
                            "state": "AVAILABLE",
                            "subnet_id": "ocid1.subnet.oc1.iad.aaaaaaaay6jup6tmdlxoatleeckosdumwgbxqoz7sbwrlyvi4mchepubfyfq",
                            "time_created": "2018-07-18 08:24:42.533 +0000 UTC",
                            "vnic_id": "ocid1.vnic.oc1.iad.abuwcljs4lklh53k22sfx7fdim5y4yw26djpxnu5j2a4o7xoerhgk3uk7ksa"
                        },
                        "meta": {},
                        "tainted": false
                    },
                    "deposed": [],
                    "provider": "provider.oci"
                },
                "data.oci_core_vnic_attachments.InstanceVnics": {
                    "type": "oci_core_vnic_attachments",
                    "depends_on": [
                        "data.oci_identity_availability_domains.ADs",
                        "oci_core_instance.MySql"
                    ],
                    "primary": {
                        "id": "2018-07-18 08:25:47.725251 +0000 UTC",
                        "attributes": {
                            "availability_domain": "dEPg:US-ASHBURN-AD-1",
                            "compartment_id": "ocid1.compartment.oc1..aaaaaaaavqhgqvgd2t6hwg7do6e6fhdqzffnze2yxcydudzturlv2m4mzqsa",
                            "id": "2018-07-18 08:25:47.725251 +0000 UTC",
                            "instance_id": "ocid1.instance.oc1.iad.abuwcljsnz5dbkn4nivdlmiezn2lsew3wvne6olq4uupo4riruy6ewo3qsua",
                            "vnic_attachments.#": "1",
                            "vnic_attachments.0.availability_domain": "dEPg:US-ASHBURN-AD-1",
                            "vnic_attachments.0.compartment_id": "ocid1.compartment.oc1..aaaaaaaavqhgqvgd2t6hwg7do6e6fhdqzffnze2yxcydudzturlv2m4mzqsa",
                            "vnic_attachments.0.display_name": "",
                            "vnic_attachments.0.id": "ocid1.vnicattachment.oc1.iad.abuwcljsehr6xu2xsiq4smgjnn4r4r7ydzgr3sbz7l5xzr55sckzdqivl6za",
                            "vnic_attachments.0.instance_id": "ocid1.instance.oc1.iad.abuwcljsnz5dbkn4nivdlmiezn2lsew3wvne6olq4uupo4riruy6ewo3qsua",
                            "vnic_attachments.0.state": "ATTACHED",
                            "vnic_attachments.0.subnet_id": "ocid1.subnet.oc1.iad.aaaaaaaay6jup6tmdlxoatleeckosdumwgbxqoz7sbwrlyvi4mchepubfyfq",
                            "vnic_attachments.0.time_created": "Wed, 18 Jul 2018 08:24:43 UTC",
                            "vnic_attachments.0.vnic_id": "ocid1.vnic.oc1.iad.abuwcljs4lklh53k22sfx7fdim5y4yw26djpxnu5j2a4o7xoerhgk3uk7ksa"
                        },
                        "meta": {},
                        "tainted": false
                    },
                    "deposed": [],
                    "provider": "provider.oci"
                },
                "data.oci_identity_availability_domains.ADs": {
                    "type": "oci_identity_availability_domains",
                    "depends_on": [],
                    "primary": {
                        "id": "2018-07-18 08:23:42.316243 +0000 UTC",
                        "attributes": {
                            "availability_domains.#": "3",
                            "availability_domains.0.compartment_id": "ocid1.tenancy.oc1..aaaaaaaadikwpd4vnjsiw3geedsal5c5shk6qtpwwp6eknw5m7m2crj4bjmq",
                            "availability_domains.0.name": "dEPg:US-ASHBURN-AD-1",
                            "availability_domains.1.compartment_id": "ocid1.tenancy.oc1..aaaaaaaadikwpd4vnjsiw3geedsal5c5shk6qtpwwp6eknw5m7m2crj4bjmq",
                            "availability_domains.1.name": "dEPg:US-ASHBURN-AD-2",
                            "availability_domains.2.compartment_id": "ocid1.tenancy.oc1..aaaaaaaadikwpd4vnjsiw3geedsal5c5shk6qtpwwp6eknw5m7m2crj4bjmq",
                            "availability_domains.2.name": "dEPg:US-ASHBURN-AD-3",
                            "compartment_id": "ocid1.tenancy.oc1..aaaaaaaadikwpd4vnjsiw3geedsal5c5shk6qtpwwp6eknw5m7m2crj4bjmq",
                            "id": "2018-07-18 08:23:42.316243 +0000 UTC"
                        },
                        "meta": {},
                        "tainted": false
                    },
                    "deposed": [],
                    "provider": "provider.oci"
                },
                "oci_core_instance.MySql": {
                    "type": "oci_core_instance",
                    "depends_on": [
                        "data.oci_identity_availability_domains.ADs",
                        "oci_core_subnet.SN-DemoSubnetAD2"
                    ],
                    "primary": {
                        "id": "ocid1.instance.oc1.iad.abuwcljsnz5dbkn4nivdlmiezn2lsew3wvne6olq4uupo4riruy6ewo3qsua",
                        "attributes": {
                            "availability_domain": "dEPg:US-ASHBURN-AD-1",
                            "compartment_id": "ocid1.compartment.oc1..aaaaaaaavqhgqvgd2t6hwg7do6e6fhdqzffnze2yxcydudzturlv2m4mzqsa",
                            "create_vnic_details.#": "1",
                            "create_vnic_details.0.assign_public_ip": "true",
                            "create_vnic_details.0.display_name": "Mysql-Instance",
                            "create_vnic_details.0.hostname_label": "",
                            "create_vnic_details.0.private_ip": "10.0.2.2",
                            "create_vnic_details.0.skip_source_dest_check": "false",
                            "create_vnic_details.0.subnet_id": "ocid1.subnet.oc1.iad.aaaaaaaay6jup6tmdlxoatleeckosdumwgbxqoz7sbwrlyvi4mchepubfyfq",
                            "display_name": "Mysql-Instance",
                            "hostname_label": "",
                            "id": "ocid1.instance.oc1.iad.abuwcljsnz5dbkn4nivdlmiezn2lsew3wvne6olq4uupo4riruy6ewo3qsua",
                            "image": "ocid1.image.oc1.iad.aaaaaaaacuywxcsllo5dpp5s6gongdygwj4ofuikowqr2tnbvo3j3wzmfmla",
                            "ipxe_script": "",
                            "metadata.%": "2",
                            "metadata.ssh_authorized_keys": "ssh-rsa AAAAB3NzaC1yc2EAAAABJQAAAQEAqV9yJ9bkgkYOQPNK4ujx2nwGpiRitU8p/QIb6REVc/FeE/WXaYUXd3Hyn8z3HWQwZqLXyK6XA95LAuyXKQj0FsCvadDqeU27h3fyH5ifECzfSZOpUnAZqIEa82xP2LL2ypL9wMIs9VFXRWoKCaZ0USad3Tvtm9CSj5sy+COgX2bUqzyuUs06HgmjVVBbDI/xdSNPyVKUG3QamPlcuoO+JB6mi/IkS6itPLvQhMxe6E1YRwb0aK06THFTUMUKy2dAEXRA2ZVUM7HiQe6txQoyq15+XnWkbRdUeD+gJCodFvrIT7Jd7EvQfke4EgNeGtClM6xUAOS1c+KLGrRA14Jm0w== rsa-key-20180627",
                            "metadata.user_data": "I2Nsb3VkLWNvbmZpZwpydW5jbWQ6CiAgLSBzdWRvIGlwdGFibGVzIC1GICAKICA=",
                            "private_ip": "10.0.2.2",
                            "public_ip": "129.213.101.129",
                            "region": "iad",
                            "shape": "VM.Standard1.4",
                            "state": "RUNNING",
                            "subnet_id": "ocid1.subnet.oc1.iad.aaaaaaaay6jup6tmdlxoatleeckosdumwgbxqoz7sbwrlyvi4mchepubfyfq",
                            "time_created": "2018-07-18 08:24:39.063 +0000 UTC"
                        },
                        "meta": {
                            "e2bfb730-ecaa-11e6-8f88-34363bc7c4c0": {
                                "create": 7200000000000,
                                "delete": 7200000000000,
                                "update": 7200000000000
                            }
                        },
                        "tainted": false
                    },
                    "deposed": [],
                    "provider": "provider.oci"
                },
                "oci_core_instance.TomcatApp": {
                    "type": "oci_core_instance",
                    "depends_on": [
                        "data.oci_core_vnic.InstanceVnic",
                        "data.oci_identity_availability_domains.ADs",
                        "oci_core_subnet.SN-DemoSubnetAD1"
                    ],
                    "primary": {
                        "id": "ocid1.instance.oc1.iad.abuwcljsvve2v3qiyyu6gzcyymn63mme34soer424iy2ktgx3zunekmkzmwa",
                        "attributes": {
                            "availability_domain": "dEPg:US-ASHBURN-AD-1",
                            "compartment_id": "ocid1.compartment.oc1..aaaaaaaavqhgqvgd2t6hwg7do6e6fhdqzffnze2yxcydudzturlv2m4mzqsa",
                            "create_vnic_details.#": "1",
                            "create_vnic_details.0.assign_public_ip": "true",
                            "create_vnic_details.0.display_name": "Tomcat-App-Instance-1",
                            "create_vnic_details.0.hostname_label": "",
                            "create_vnic_details.0.private_ip": "10.0.1.2",
                            "create_vnic_details.0.skip_source_dest_check": "false",
                            "create_vnic_details.0.subnet_id": "ocid1.subnet.oc1.iad.aaaaaaaa75zbmklfya2fvp5g7732lvdvjp3sggj72lzyjbmngguybspp4afa",
                            "display_name": "Tomcat-App-Instance-1",
                            "hostname_label": "",
                            "id": "ocid1.instance.oc1.iad.abuwcljsvve2v3qiyyu6gzcyymn63mme34soer424iy2ktgx3zunekmkzmwa",
                            "image": "ocid1.image.oc1.iad.aaaaaaaa6ybn2lkqp2ejhijhehf5i65spqh3igt53iyvncyjmo7uhm5235ca",
                            "ipxe_script": "",
                            "metadata.%": "3",
                            "metadata.db_ip": "129.213.101.129",
                            "metadata.ssh_authorized_keys": "ssh-rsa AAAAB3NzaC1yc2EAAAABJQAAAQEAqV9yJ9bkgkYOQPNK4ujx2nwGpiRitU8p/QIb6REVc/FeE/WXaYUXd3Hyn8z3HWQwZqLXyK6XA95LAuyXKQj0FsCvadDqeU27h3fyH5ifECzfSZOpUnAZqIEa82xP2LL2ypL9wMIs9VFXRWoKCaZ0USad3Tvtm9CSj5sy+COgX2bUqzyuUs06HgmjVVBbDI/xdSNPyVKUG3QamPlcuoO+JB6mi/IkS6itPLvQhMxe6E1YRwb0aK06THFTUMUKy2dAEXRA2ZVUM7HiQe6txQoyq15+XnWkbRdUeD+gJCodFvrIT7Jd7EvQfke4EgNeGtClM6xUAOS1c+KLGrRA14Jm0w== rsa-key-20180627",
                            "metadata.user_data": "I2Nsb3VkLWNvbmZpZwpib290Y21kOiAKICAtICJta2RpciAtcCAvZXRjL2NoZWYiCiAgLSAibWtkaXIgLXAgL3Zhci9sb2cvY2hlZiIKICAtICJta2RpciAtcCAvdmFyL2xpYi9jaGVmIgogIC0gIm1rZGlyIC1wIC92YXIvY2FjaGUvY2hlZiIKICAtICJta2RpciAtcCAvdmFyL2JhY2t1cHMvY2hlZiIKICAtICJta2RpciAtcCAvdmFyL3J1bi9jaGVmIgoKY2hlZjogCiAgaW5zdGFsbF90eXBlOiBvbW5pYnVzCiAgbm9kZV9uYW1lOiBUb21jYXRBcHBfdHdvdGllcmxhYgogIG9tbmlidXNfdXJsOiAiaHR0cHM6Ly93d3cub3BzY29kZS5jb20vY2hlZi9pbnN0YWxsLnNoIgogIG91dHB1dDogCiAgICBhbGw6ICJ8IHRlZSAtYSAvdmFyL2xvZy9jbG91ZC1pbml0LW91dHB1dC5sb2ciCiAgcnVuX2xpc3Q6IAogICAgLSAicmVjaXBlW3RvbWNhdF0iCiAgc2VydmVyX3VybDogImh0dHBzOi8vMTI5LjE0Ni44Ni43My9vcmdhbml6YXRpb25zL29yY2xibWNzIgogIHZhbGlkYXRpb25fY2VydDogfAogICAgICAtLS0tLUJFR0lOIFJTQSBQUklWQVRFIEtFWS0tLS0tCiAgICAgIE1JSUVvd0lCQUFLQ0FRRUF5R0RqNEplSVlzeFZyWWpkdHFzcWtyUzcydytxWXVidWxiTGpqZytzY3JLQmtIREgKICAgICAgS2QxTmxOQnFmdnlwREpXbHppb2dLcGNHT1Q4NFZsK1hwV0k4K1BPcDBQcmg4QzNSVTBBTE9IQU9vNmV3VWIrYwogICAgICBwQTdVMHpiUzNvdGlla3hFZUtJUW5LQVFNN09aSjFkYkwyb3lJRXhHT00zOW5XSGJrRmhETldUazk5SDRTMkRUCiAgICAgIGpMcVo5RC83aTByNU93M3ZaQURqVVVTQi9WbzNrUHAwcUJocXVNa3NGa0dWRmJNL1J0VTdTYjF0d3pTa0x1OW0KICAgICAga2owWUI1c1cxb0tMdE1UUGhHUTh2VGpNK0tSSEMvLzJ3S05INzFtbnZLQnBFbUVaRUVyV1JKcHBOSlhjLzR0dAogICAgICA3N25oeTAwYmlieGNXV3M5c3JCT2duQTRqODRZaW1Xa1ZIbmFwd0lEQVFBQkFvSUJBRFg2RTZpT2FVamo3amgrCiAgICAgIDQrcXZGUnJMNE1iVDQzd2M1U3dpTWpZMGRxbTIrRHZtaFYvN28waHhGQjc5QkxURkl4TDBPaEgrK01nM0JZQU8KICAgICAgNUJUQzc5WElIWGlUL0lUc2NyVFFUYlY0U2hrL3RMbHd1a3RmUzJsU0hWK2hnSGVkVDl5SEc1NTFaNmZsdTEzagogICAgICBwRWFUZnNsQWdySU9tMERuK1hOYXMxQVF5N1VOdWU3Zjh3aVpUZFR4bC9BUzZZaW9ZRGZvTEd1VnRRb0VVei9UCiAgICAgIEJSalUzVVhyWFJsSzdpbDBKNWU5V0gvdzI0NXBWWHFKeXlpS3dEUloxRVRrM3ZKVExSR2hOaVJVdU80SUYrV2gKICAgICAgbzVNaG1vWWNLYjliSDIycXZsLzloUHVBZUlhU1BMVEZWcytMVkplaC9DWThkVXBybDFHbWE2Y2hwVDhneHlucQogICAgICBpdEFyd3RFQ2dZRUEvRkZhYzZ1NEtaeDM2NUlrdHh5Nkl1UkN2RFpoL3dBKzNtZ244ZTIrVnhnZzZ3cUwzTEZrCiAgICAgIDhjQWFoaEhDL21pRU9RdDc2eUpMS2VWdVdKekZMWEE4bGk0Y1ZjSVJzaEVkR1I1aFJTWXU0eE9IYWdrbDhKM3kKICAgICAgYTg4U2xtdVpIaDFqVTFkaWowV3B2UUcySGVCL21JdGFhbWZvWFAvUlU4TFQ0L29ReHYwWi83TUNnWUVBeTAxKwogICAgICBnSGdheTFGL0ZLMG03bGFRT2VQaGVPeEc0TmZLWXJMczhuSU05WU1md1pvTkJpUHlMWE9oNkdOdXRnTjNxZEJCCiAgICAgIFVEREh1TG1YNVd6NE55ZmdYcDh3Q1hpUzFEYzlVQUpyeHlQK1krQnpuQnY5SE9KZ1NvengvaDFRQVJBRjJ6SVgKICAgICAgbHpoQjZMWGpuZnNEbEhZSU55K05UOFhpNWRWak41SG00UFRKM3owQ2dZRUE2UERTYU9lbjVnS21VNzFnV0EwVgogICAgICBheEVBNjNIcGx0cExNRmxJUjNvTnQ2cDIrWWVMQi94ZURUSWxTcEVyVEdTQmJZakVwcGZLZkt0cjdETVBkcHVmCiAgICAgIDA2Wk9VbjRRaUN4MGlMUWJhUk9QUmVUSnA0TTZtNkcySlFIUFR6K1c1TTZNM0d4WWVaeit6NWU4NG1oWVpDU0QKICAgICAgSEtsQlJGcUlqcVBYcXlrNlEvdDIvVEVDZ1lBNWFTSGZENHVwZk5NaE9LQjB6N2NjMGZCYklJWUhlb2lwaEpPTAogICAgICBCNUFIU01jUCtmdlJqeGNWcE1ERkNrYzZXUkpTdnYraXNKUEY0NHMwZTZoQWt4ODJPVWZzZE1NcDhJdDg2NklaCiAgICAgIDgxMGtRVDhFaDViYnNFVzI1OFJ5bVQ1OWZsUFpDWFZGKzlvSTZFeGwwWHU2VWZhUjl2aTEzVkRzekd5ZlJiRm8KICAgICAgTjFoR2xRS0JnSEc0R0RtUXNzMzM0bjZ1dHA0ZW1DS0oxclB2TmNyRmNMYS9xRkdFU2JNemo5bzNiTHhGYngySQogICAgICAwY1orc3VoRUcyck5uOUs5b1pwOXlWT0loMW5TRHJ6eEIzTk5FYXg2Y0JjcGpQdTY4SnU1VnVDOGcvTHRDbHlLCiAgICAgIDNIaFdtZE0rMnlTOEFqQWF4R2ZsY1JFTWtOYk1JdHlRZThRU3pOVGY4c1oyR3lsdzlickkKICAgICAgLS0tLS1FTkQgUlNBIFBSSVZBVEUgS0VZLS0tLS0KICB2YWxpZGF0aW9uX25hbWU6IG9yY2xibWNzLXZhbGlkYXRvcgpydW5jbWQ6IAogIC0gCiAgICAtIHNoCiAgICAtICIteGMiCiAgICAtIGNoZWYtY2xpZW50CiAgLSAKICAgIC0gc2gKICAgIC0gIi14YyIKICAgIC0gInRvdWNoIC90bXAvdGVzdCIKICAtIHdnZXQgaHR0cHM6Ly9kZXYubXlzcWwuY29tL2dldC9Eb3dubG9hZHMvQ29ubmVjdG9yLUovbXlzcWwtY29ubmVjdG9yLWphdmEtNS4xLjM5LnRhci5negogIC0gdGFyIHh2emYgbXlzcWwtY29ubmVjdG9yLWphdmEtNS4xLjM5LnRhci5negogIC0gc3VkbyBjcCAuL215c3FsLWNvbm5lY3Rvci1qYXZhLTUuMS4zOS9teXNxbC1jb25uZWN0b3ItamF2YS01LjEuMzktYmluLmphciAvdXNyL3NoYXJlL3RvbWNhdC9saWIvCiAgLSBJUD0kKGN1cmwgaHR0cDovLzE2OS4yNTQuMTY5LjI1NC9vcGMvdjEvaW5zdGFuY2UvbWV0YWRhdGEvZGJfaXApCiAgLSBzdWRvIHNlZCAtaSAnMSwkcy88XC9Db250ZXh0Pi88UmVzb3VyY2UgbmFtZT0iamRiY1wvVGVzdF9EQiIgYXV0aD0iQ29udGFpbmVyIiB0eXBlPSJqYXZheC5zcWwuRGF0YVNvdXJjZSIgbWF4QWN0aXZlPSI1MCIgbWF4SWRsZT0iMzAiIG1heFdhaXQ9IjEwMDAwIiB1c2VybmFtZT0idnUiIHBhc3N3b3JkPSJPcmFjbGVfMjAxNyIgZHJpdmVyQ2xhc3NOYW1lPSJjb20ubXlzcWwuamRiYy5Ecml2ZXIiIHVybD0iamRiYzpteXNxbDpcL1wvJyRJUCc6MzMwNlwvbXlzcWwiICBmYWN0b3J5PSJvcmcuYXBhY2hlLmNvbW1vbnMuZGJjcC5CYXNpY0RhdGFTb3VyY2VGYWN0b3J5IiBcLz4gPFwvQ29udGV4dD4vJyAvdXNyL3NoYXJlL3RvbWNhdC9jb25mL2NvbnRleHQueG1sCiAgLSBzdWRvIHNlcnZpY2UgdG9tY2F0IHN0b3AKICAtIHN1ZG8gc2VydmljZSB0b21jYXQgc3RhcnQKICAtIHN1ZG8gaXB0YWJsZXMgLUYgIAogIA==",
                            "private_ip": "10.0.1.2",
                            "public_ip": "129.213.103.19",
                            "region": "iad",
                            "shape": "VM.Standard1.4",
                            "state": "RUNNING",
                            "subnet_id": "ocid1.subnet.oc1.iad.aaaaaaaa75zbmklfya2fvp5g7732lvdvjp3sggj72lzyjbmngguybspp4afa",
                            "time_created": "2018-07-18 08:26:00.821 +0000 UTC"
                        },
                        "meta": {
                            "e2bfb730-ecaa-11e6-8f88-34363bc7c4c0": {
                                "create": 7200000000000,
                                "delete": 7200000000000,
                                "update": 7200000000000
                            }
                        },
                        "tainted": false
                    },
                    "deposed": [],
                    "provider": "provider.oci"
                },
                "oci_core_internet_gateway.IGW-Demo": {
                    "type": "oci_core_internet_gateway",
                    "depends_on": [
                        "oci_core_virtual_network.VCN-Demo"
                    ],
                    "primary": {
                        "id": "ocid1.internetgateway.oc1.iad.aaaaaaaabkqo7336bukgwkhxnwpo7vrwwh4ydfxxee67ir5eaow2qcnvoxzq",
                        "attributes": {
                            "compartment_id": "ocid1.compartment.oc1..aaaaaaaavqhgqvgd2t6hwg7do6e6fhdqzffnze2yxcydudzturlv2m4mzqsa",
                            "display_name": "IGW-Demo",
                            "enabled": "true",
                            "id": "ocid1.internetgateway.oc1.iad.aaaaaaaabkqo7336bukgwkhxnwpo7vrwwh4ydfxxee67ir5eaow2qcnvoxzq",
                            "state": "AVAILABLE",
                            "time_created": "2018-07-18 08:23:50.667 +0000 UTC",
                            "time_modified": "0001-01-01 00:00:00 +0000 UTC",
                            "vcn_id": "ocid1.vcn.oc1.iad.aaaaaaaamwx6rohfzz3izxyg7v7dojrr4vdgkil5vffotje6wz5jnfq56ula"
                        },
                        "meta": {
                            "e2bfb730-ecaa-11e6-8f88-34363bc7c4c0": {
                                "create": 300000000000,
                                "delete": 300000000000,
                                "update": 300000000000
                            }
                        },
                        "tainted": false
                    },
                    "deposed": [],
                    "provider": "provider.oci"
                },
                "oci_core_route_table.RT-Demo": {
                    "type": "oci_core_route_table",
                    "depends_on": [
                        "oci_core_internet_gateway.IGW-Demo",
                        "oci_core_virtual_network.VCN-Demo"
                    ],
                    "primary": {
                        "id": "ocid1.routetable.oc1.iad.aaaaaaaavcacvt3nv7q3ydyfkbon6b3cjsiuiaagu2gxphpgxx4ed7todnjq",
                        "attributes": {
                            "compartment_id": "ocid1.compartment.oc1..aaaaaaaavqhgqvgd2t6hwg7do6e6fhdqzffnze2yxcydudzturlv2m4mzqsa",
                            "display_name": "RT-Demo",
                            "id": "ocid1.routetable.oc1.iad.aaaaaaaavcacvt3nv7q3ydyfkbon6b3cjsiuiaagu2gxphpgxx4ed7todnjq",
                            "route_rules.#": "1",
                            "route_rules.0.cidr_block": "0.0.0.0/0",
                            "route_rules.0.network_entity_id": "ocid1.internetgateway.oc1.iad.aaaaaaaabkqo7336bukgwkhxnwpo7vrwwh4ydfxxee67ir5eaow2qcnvoxzq",
                            "state": "AVAILABLE",
                            "time_created": "2018-07-18 08:23:54.065 +0000 UTC",
                            "time_modified": "0001-01-01 00:00:00 +0000 UTC",
                            "vcn_id": "ocid1.vcn.oc1.iad.aaaaaaaamwx6rohfzz3izxyg7v7dojrr4vdgkil5vffotje6wz5jnfq56ula"
                        },
                        "meta": {
                            "e2bfb730-ecaa-11e6-8f88-34363bc7c4c0": {
                                "create": 300000000000,
                                "delete": 300000000000,
                                "update": 300000000000
                            }
                        },
                        "tainted": false
                    },
                    "deposed": [],
                    "provider": "provider.oci"
                },
                "oci_core_security_list.SL-DBSubnet": {
                    "type": "oci_core_security_list",
                    "depends_on": [
                        "oci_core_virtual_network.VCN-Demo"
                    ],
                    "primary": {
                        "id": "ocid1.securitylist.oc1.iad.aaaaaaaabsuidj4hlbsf3trpn7wpl6k6x6r7yu7earf7kqhyeye6ilxqdzza",
                        "attributes": {
                            "compartment_id": "ocid1.compartment.oc1..aaaaaaaavqhgqvgd2t6hwg7do6e6fhdqzffnze2yxcydudzturlv2m4mzqsa",
                            "display_name": "SL-DB",
                            "egress_security_rules.#": "3",
                            "egress_security_rules.0.destination": "0.0.0.0/0",
                            "egress_security_rules.0.icmp_options.#": "0",
                            "egress_security_rules.0.protocol": "6",
                            "egress_security_rules.0.stateless": "false",
                            "egress_security_rules.0.tcp_options.#": "0",
                            "egress_security_rules.0.udp_options.#": "0",
                            "egress_security_rules.1.destination": "0.0.0.0/0",
                            "egress_security_rules.1.icmp_options.#": "0",
                            "egress_security_rules.1.protocol": "1",
                            "egress_security_rules.1.stateless": "false",
                            "egress_security_rules.1.tcp_options.#": "0",
                            "egress_security_rules.1.udp_options.#": "0",
                            "egress_security_rules.2.destination": "0.0.0.0/0",
                            "egress_security_rules.2.icmp_options.#": "0",
                            "egress_security_rules.2.protocol": "17",
                            "egress_security_rules.2.stateless": "false",
                            "egress_security_rules.2.tcp_options.#": "0",
                            "egress_security_rules.2.udp_options.#": "0",
                            "id": "ocid1.securitylist.oc1.iad.aaaaaaaabsuidj4hlbsf3trpn7wpl6k6x6r7yu7earf7kqhyeye6ilxqdzza",
                            "ingress_security_rules.#": "5",
                            "ingress_security_rules.0.icmp_options.#": "0",
                            "ingress_security_rules.0.protocol": "6",
                            "ingress_security_rules.0.source": "0.0.0.0/0",
                            "ingress_security_rules.0.stateless": "false",
                            "ingress_security_rules.0.tcp_options.#": "1",
                            "ingress_security_rules.0.tcp_options.0.max": "22",
                            "ingress_security_rules.0.tcp_options.0.min": "22",
                            "ingress_security_rules.0.udp_options.#": "0",
                            "ingress_security_rules.1.icmp_options.#": "0",
                            "ingress_security_rules.1.protocol": "6",
                            "ingress_security_rules.1.source": "0.0.0.0/0",
                            "ingress_security_rules.1.stateless": "false",
                            "ingress_security_rules.1.tcp_options.#": "1",
                            "ingress_security_rules.1.tcp_options.0.max": "3306",
                            "ingress_security_rules.1.tcp_options.0.min": "3306",
                            "ingress_security_rules.1.udp_options.#": "0",
                            "ingress_security_rules.2.icmp_options.#": "1",
                            "ingress_security_rules.2.icmp_options.0.code": "0",
                            "ingress_security_rules.2.icmp_options.0.type": "0",
                            "ingress_security_rules.2.protocol": "1",
                            "ingress_security_rules.2.source": "0.0.0.0/0",
                            "ingress_security_rules.2.stateless": "false",
                            "ingress_security_rules.2.tcp_options.#": "0",
                            "ingress_security_rules.2.udp_options.#": "0",
                            "ingress_security_rules.3.icmp_options.#": "1",
                            "ingress_security_rules.3.icmp_options.0.code": "4",
                            "ingress_security_rules.3.icmp_options.0.type": "3",
                            "ingress_security_rules.3.protocol": "1",
                            "ingress_security_rules.3.source": "0.0.0.0/0",
                            "ingress_security_rules.3.stateless": "false",
                            "ingress_security_rules.3.tcp_options.#": "0",
                            "ingress_security_rules.3.udp_options.#": "0",
                            "ingress_security_rules.4.icmp_options.#": "1",
                            "ingress_security_rules.4.icmp_options.0.code": "0",
                            "ingress_security_rules.4.icmp_options.0.type": "8",
                            "ingress_security_rules.4.protocol": "1",
                            "ingress_security_rules.4.source": "0.0.0.0/0",
                            "ingress_security_rules.4.stateless": "false",
                            "ingress_security_rules.4.tcp_options.#": "0",
                            "ingress_security_rules.4.udp_options.#": "0",
                            "state": "AVAILABLE",
                            "time_created": "2018-07-18 08:23:51.984 +0000 UTC",
                            "vcn_id": "ocid1.vcn.oc1.iad.aaaaaaaamwx6rohfzz3izxyg7v7dojrr4vdgkil5vffotje6wz5jnfq56ula"
                        },
                        "meta": {
                            "e2bfb730-ecaa-11e6-8f88-34363bc7c4c0": {
                                "create": 300000000000,
                                "delete": 300000000000,
                                "update": 300000000000
                            }
                        },
                        "tainted": false
                    },
                    "deposed": [],
                    "provider": "provider.oci"
                },
                "oci_core_security_list.SL-InstanceSubnet": {
                    "type": "oci_core_security_list",
                    "depends_on": [
                        "oci_core_virtual_network.VCN-Demo"
                    ],
                    "primary": {
                        "id": "ocid1.securitylist.oc1.iad.aaaaaaaacw6uy4msm2eky2l3djdlnfycyfuzu5g24f53ujnfbwuhltu3yjlq",
                        "attributes": {
                            "compartment_id": "ocid1.compartment.oc1..aaaaaaaavqhgqvgd2t6hwg7do6e6fhdqzffnze2yxcydudzturlv2m4mzqsa",
                            "display_name": "SL-Instance",
                            "egress_security_rules.#": "3",
                            "egress_security_rules.0.destination": "0.0.0.0/0",
                            "egress_security_rules.0.icmp_options.#": "0",
                            "egress_security_rules.0.protocol": "6",
                            "egress_security_rules.0.stateless": "false",
                            "egress_security_rules.0.tcp_options.#": "0",
                            "egress_security_rules.0.udp_options.#": "0",
                            "egress_security_rules.1.destination": "0.0.0.0/0",
                            "egress_security_rules.1.icmp_options.#": "0",
                            "egress_security_rules.1.protocol": "1",
                            "egress_security_rules.1.stateless": "false",
                            "egress_security_rules.1.tcp_options.#": "0",
                            "egress_security_rules.1.udp_options.#": "0",
                            "egress_security_rules.2.destination": "0.0.0.0/0",
                            "egress_security_rules.2.icmp_options.#": "0",
                            "egress_security_rules.2.protocol": "17",
                            "egress_security_rules.2.stateless": "false",
                            "egress_security_rules.2.tcp_options.#": "0",
                            "egress_security_rules.2.udp_options.#": "0",
                            "id": "ocid1.securitylist.oc1.iad.aaaaaaaacw6uy4msm2eky2l3djdlnfycyfuzu5g24f53ujnfbwuhltu3yjlq",
                            "ingress_security_rules.#": "5",
                            "ingress_security_rules.0.icmp_options.#": "0",
                            "ingress_security_rules.0.protocol": "6",
                            "ingress_security_rules.0.source": "0.0.0.0/0",
                            "ingress_security_rules.0.stateless": "false",
                            "ingress_security_rules.0.tcp_options.#": "1",
                            "ingress_security_rules.0.tcp_options.0.max": "22",
                            "ingress_security_rules.0.tcp_options.0.min": "22",
                            "ingress_security_rules.0.udp_options.#": "0",
                            "ingress_security_rules.1.icmp_options.#": "0",
                            "ingress_security_rules.1.protocol": "6",
                            "ingress_security_rules.1.source": "0.0.0.0/0",
                            "ingress_security_rules.1.stateless": "false",
                            "ingress_security_rules.1.tcp_options.#": "1",
                            "ingress_security_rules.1.tcp_options.0.max": "8080",
                            "ingress_security_rules.1.tcp_options.0.min": "8080",
                            "ingress_security_rules.1.udp_options.#": "0",
                            "ingress_security_rules.2.icmp_options.#": "1",
                            "ingress_security_rules.2.icmp_options.0.code": "0",
                            "ingress_security_rules.2.icmp_options.0.type": "0",
                            "ingress_security_rules.2.protocol": "1",
                            "ingress_security_rules.2.source": "0.0.0.0/0",
                            "ingress_security_rules.2.stateless": "false",
                            "ingress_security_rules.2.tcp_options.#": "0",
                            "ingress_security_rules.2.udp_options.#": "0",
                            "ingress_security_rules.3.icmp_options.#": "1",
                            "ingress_security_rules.3.icmp_options.0.code": "4",
                            "ingress_security_rules.3.icmp_options.0.type": "3",
                            "ingress_security_rules.3.protocol": "1",
                            "ingress_security_rules.3.source": "0.0.0.0/0",
                            "ingress_security_rules.3.stateless": "false",
                            "ingress_security_rules.3.tcp_options.#": "0",
                            "ingress_security_rules.3.udp_options.#": "0",
                            "ingress_security_rules.4.icmp_options.#": "1",
                            "ingress_security_rules.4.icmp_options.0.code": "0",
                            "ingress_security_rules.4.icmp_options.0.type": "8",
                            "ingress_security_rules.4.protocol": "1",
                            "ingress_security_rules.4.source": "0.0.0.0/0",
                            "ingress_security_rules.4.stateless": "false",
                            "ingress_security_rules.4.tcp_options.#": "0",
                            "ingress_security_rules.4.udp_options.#": "0",
                            "state": "AVAILABLE",
                            "time_created": "2018-07-18 08:23:53.152 +0000 UTC",
                            "vcn_id": "ocid1.vcn.oc1.iad.aaaaaaaamwx6rohfzz3izxyg7v7dojrr4vdgkil5vffotje6wz5jnfq56ula"
                        },
                        "meta": {
                            "e2bfb730-ecaa-11e6-8f88-34363bc7c4c0": {
                                "create": 300000000000,
                                "delete": 300000000000,
                                "update": 300000000000
                            }
                        },
                        "tainted": false
                    },
                    "deposed": [],
                    "provider": "provider.oci"
                },
                "oci_core_subnet.SN-DemoSubnetAD1": {
                    "type": "oci_core_subnet",
                    "depends_on": [
                        "data.oci_identity_availability_domains.ADs",
                        "oci_core_route_table.RT-Demo",
                        "oci_core_security_list.SL-InstanceSubnet",
                        "oci_core_virtual_network.VCN-Demo"
                    ],
                    "primary": {
                        "id": "ocid1.subnet.oc1.iad.aaaaaaaa75zbmklfya2fvp5g7732lvdvjp3sggj72lzyjbmngguybspp4afa",
                        "attributes": {
                            "availability_domain": "dEPg:US-ASHBURN-AD-1",
                            "cidr_block": "10.0.1.0/24",
                            "compartment_id": "ocid1.compartment.oc1..aaaaaaaavqhgqvgd2t6hwg7do6e6fhdqzffnze2yxcydudzturlv2m4mzqsa",
                            "dhcp_options_id": "ocid1.dhcpoptions.oc1.iad.aaaaaaaa65h3myumswmthdtulpylil3cko53donmtmyxkeuhaw3n7mopnzia",
                            "display_name": "SN-InstanceSubnet",
                            "dns_label": "",
                            "id": "ocid1.subnet.oc1.iad.aaaaaaaa75zbmklfya2fvp5g7732lvdvjp3sggj72lzyjbmngguybspp4afa",
                            "prohibit_public_ip_on_vnic": "false",
                            "route_table_id": "ocid1.routetable.oc1.iad.aaaaaaaavcacvt3nv7q3ydyfkbon6b3cjsiuiaagu2gxphpgxx4ed7todnjq",
                            "security_list_ids.#": "1",
                            "security_list_ids.316483692": "ocid1.securitylist.oc1.iad.aaaaaaaacw6uy4msm2eky2l3djdlnfycyfuzu5g24f53ujnfbwuhltu3yjlq",
                            "state": "AVAILABLE",
                            "time_created": "2018-07-18 08:24:10.54 +0000 UTC",
                            "vcn_id": "ocid1.vcn.oc1.iad.aaaaaaaamwx6rohfzz3izxyg7v7dojrr4vdgkil5vffotje6wz5jnfq56ula",
                            "virtual_router_ip": "10.0.1.1",
                            "virtual_router_mac": "00:00:17:FD:82:82"
                        },
                        "meta": {
                            "e2bfb730-ecaa-11e6-8f88-34363bc7c4c0": {
                                "create": 300000000000,
                                "delete": 300000000000,
                                "update": 300000000000
                            }
                        },
                        "tainted": false
                    },
                    "deposed": [],
                    "provider": "provider.oci"
                },
                "oci_core_subnet.SN-DemoSubnetAD2": {
                    "type": "oci_core_subnet",
                    "depends_on": [
                        "data.oci_identity_availability_domains.ADs",
                        "oci_core_route_table.RT-Demo",
                        "oci_core_security_list.SL-DBSubnet",
                        "oci_core_virtual_network.VCN-Demo"
                    ],
                    "primary": {
                        "id": "ocid1.subnet.oc1.iad.aaaaaaaay6jup6tmdlxoatleeckosdumwgbxqoz7sbwrlyvi4mchepubfyfq",
                        "attributes": {
                            "availability_domain": "dEPg:US-ASHBURN-AD-1",
                            "cidr_block": "10.0.2.0/24",
                            "compartment_id": "ocid1.compartment.oc1..aaaaaaaavqhgqvgd2t6hwg7do6e6fhdqzffnze2yxcydudzturlv2m4mzqsa",
                            "dhcp_options_id": "ocid1.dhcpoptions.oc1.iad.aaaaaaaa65h3myumswmthdtulpylil3cko53donmtmyxkeuhaw3n7mopnzia",
                            "display_name": "SN-DBSubnet",
                            "dns_label": "",
                            "id": "ocid1.subnet.oc1.iad.aaaaaaaay6jup6tmdlxoatleeckosdumwgbxqoz7sbwrlyvi4mchepubfyfq",
                            "prohibit_public_ip_on_vnic": "false",
                            "route_table_id": "ocid1.routetable.oc1.iad.aaaaaaaavcacvt3nv7q3ydyfkbon6b3cjsiuiaagu2gxphpgxx4ed7todnjq",
                            "security_list_ids.#": "1",
                            "security_list_ids.356813989": "ocid1.securitylist.oc1.iad.aaaaaaaabsuidj4hlbsf3trpn7wpl6k6x6r7yu7earf7kqhyeye6ilxqdzza",
                            "state": "AVAILABLE",
                            "time_created": "2018-07-18 08:24:10.795 +0000 UTC",
                            "vcn_id": "ocid1.vcn.oc1.iad.aaaaaaaamwx6rohfzz3izxyg7v7dojrr4vdgkil5vffotje6wz5jnfq56ula",
                            "virtual_router_ip": "10.0.2.1",
                            "virtual_router_mac": "00:00:17:FD:82:82"
                        },
                        "meta": {
                            "e2bfb730-ecaa-11e6-8f88-34363bc7c4c0": {
                                "create": 300000000000,
                                "delete": 300000000000,
                                "update": 300000000000
                            }
                        },
                        "tainted": false
                    },
                    "deposed": [],
                    "provider": "provider.oci"
                },
                "oci_core_virtual_network.VCN-Demo": {
                    "type": "oci_core_virtual_network",
                    "depends_on": [],
                    "primary": {
                        "id": "ocid1.vcn.oc1.iad.aaaaaaaamwx6rohfzz3izxyg7v7dojrr4vdgkil5vffotje6wz5jnfq56ula",
                        "attributes": {
                            "cidr_block": "10.0.0.0/16",
                            "compartment_id": "ocid1.compartment.oc1..aaaaaaaavqhgqvgd2t6hwg7do6e6fhdqzffnze2yxcydudzturlv2m4mzqsa",
                            "default_dhcp_options_id": "ocid1.dhcpoptions.oc1.iad.aaaaaaaa65h3myumswmthdtulpylil3cko53donmtmyxkeuhaw3n7mopnzia",
                            "default_route_table_id": "ocid1.routetable.oc1.iad.aaaaaaaatoc47xw4bgokwamuoipkus45kjvoczs2ragcpwnpzypc44ut3g6q",
                            "default_security_list_id": "ocid1.securitylist.oc1.iad.aaaaaaaaihpycwv5xr2mhc6wxohbmhtcmg5hpyuxr43q7k3ybq6anrb75lga",
                            "display_name": "MSP-Demo-VCN",
                            "dns_label": "",
                            "id": "ocid1.vcn.oc1.iad.aaaaaaaamwx6rohfzz3izxyg7v7dojrr4vdgkil5vffotje6wz5jnfq56ula",
                            "state": "AVAILABLE",
                            "time_created": "2018-07-18 08:23:48.175 +0000 UTC"
                        },
                        "meta": {
                            "e2bfb730-ecaa-11e6-8f88-34363bc7c4c0": {
                                "create": 300000000000,
                                "delete": 300000000000,
                                "update": 300000000000
                            }
                        },
                        "tainted": false
                    },
                    "deposed": [],
                    "provider": "provider.oci"
                }
            },
            "depends_on": []
        }
    ]
}
